
Microsoft Visual Studio Solution File, Format Version 12.00
# Visual Studio Version 16
VisualStudioVersion = 16.0.31624.102
MinimumVisualStudioVersion = 10.0.40219.1
Project("{FAE04EC0-301F-11D3-BF4B-00C04F79EFBC}") = "ConsoleApp2", "ConsoleApp2.csproj", "{B6887ABD-75A6-4191-9A74-4796E0233B98}"
EndProject
Global
	GlobalSection(SolutionConfigurationPlatforms) = preSolution
		Debug|Any CPU = Debug|Any CPU
		Release|Any CPU = Release|Any CPU
	EndGlobalSection
	GlobalSection(ProjectConfigurationPlatforms) = postSolution
		{B6887ABD-75A6-4191-9A74-4796E0233B98}.Debug|Any CPU.ActiveCfg = Debug|Any CPU
		{B6887ABD-75A6-4191-9A74-4796E0233B98}.Debug|Any CPU.Build.0 = Debug|Any CPU
		{B6887ABD-75A6-4191-9A74-4796E0233B98}.Release|Any CPU.ActiveCfg = Release|Any CPU
		{B6887ABD-75A6-4191-9A74-4796E0233B98}.Release|Any CPU.Build.0 = Release|Any CPU
	EndGlobalSection
	GlobalSection(SolutionProperties) = preSolution
		HideSolutionNode = FALSE
	EndGlobalSection
	GlobalSection(ExtensibilityGlobals) = postSolution
		SolutionGuid = {0ED47AEC-32A6-43A6-B17D-7E9DD8700CE3}
	EndGlobalSection
EndGlobal
